
Microsoft Visual Studio Solution File, Format Version 12.00
# Visual Studio 2012
Project("{8BC9CEB8-8B4A-11D0-8D11-00A0C91BC942}") = "StackList", "StackList\StackList.vcxproj", "{89EDB90C-CD46-4D17-8C3E-B4EC1A583552}"
EndProject
Global
	GlobalSection(SolutionConfigurationPlatforms) = preSolution
		Debug|Win32 = Debug|Win32
		Release|Win32 = Release|Win32
	EndGlobalSection
	GlobalSection(ProjectConfigurationPlatforms) = postSolution
		{89EDB90C-CD46-4D17-8C3E-B4EC1A583552}.Debug|Win32.ActiveCfg = Debug|Win32
		{89EDB90C-CD46-4D17-8C3E-B4EC1A583552}.Debug|Win32.Build.0 = Debug|Win32
		{89EDB90C-CD46-4D17-8C3E-B4EC1A583552}.Release|Win32.ActiveCfg = Release|Win32
		{89EDB90C-CD46-4D17-8C3E-B4EC1A583552}.Release|Win32.Build.0 = Release|Win32
	EndGlobalSection
	GlobalSection(SolutionProperties) = preSolution
		HideSolutionNode = FALSE
	EndGlobalSection
EndGlobal
